{
  "version": 1,
  "dependencies": {
    "net9.0-windows7.0": {
      "DalamudPackager": {
        "type": "Direct",
        "requested": "[13.0.0, )",
        "resolved": "13.0.0",
        "contentHash": "Mb3cUDSK/vDPQ8gQIeuCw03EMYrej1B4J44a1AvIJ9C759p9XeqdU9Hg4WgOmlnlPe0G7ILTD32PKSUpkQNa8w=="
      },
      "DiscordRichPresence": {
        "type": "Direct",
        "requested": "[1.6.1.70, )",
        "resolved": "1.6.1.70",
        "contentHash": "yho1fdhbsedICHdfHe/Tu3IX6a5oj4fiPFL0keZStlsh7T/FrdjcwZZ7C1uC2HUvcXbFh+VEJvcbo1W66QtkUg==",
        "dependencies": {
          "Newtonsoft.Json": "13.0.1"
        }
      },
      "DotNet.ReproducibleBuilds": {
        "type": "Direct",
        "requested": "[1.2.25, )",
        "resolved": "1.2.25",
        "contentHash": "xCXiw7BCxHJ8pF6wPepRUddlh2dlQlbr81gXA72hdk4FLHkKXas7EH/n+fk5UCA/YfMqG1Z6XaPiUjDbUNBUzg=="
      },
      "ECommons": {
        "type": "Direct",
        "requested": "[3.0.0.17-api13, )",
        "resolved": "3.0.0.17-api13",
        "contentHash": "r7MblEmo2zOksX2qiapL7eFhGYnXZOvu4QOb6zd8LHApjde3c+iF/JVowqUWxaAz4yS+M/bvrppsfJNIdRLm2A=="
      },
      "Newtonsoft.Json": {
        "type": "Direct",
        "requested": "[13.0.3, )",
        "resolved": "13.0.3",
        "contentHash": "HrC5BXdl00IP9zeV+0Z848QWPAoCr9P3bDEZguI+gkLcBKAOxix/tLEAAHC+UvDNPv4a2d18lOReHMOagPa+zQ=="
      }
    }
  }
}